
Microsoft Visual Studio Solution File, Format Version 12.00
# Visual Studio 15
VisualStudioVersion = 15.0.26124.0
MinimumVisualStudioVersion = 15.0.26124.0
Project("{2150E333-8FDC-42A3-9474-1A3956D46DE8}") = "src", "src", "{30E30A1B-9DBA-42EB-BC37-87ACD533E60B}"
EndProject
Project("{FAE04EC0-301F-11D3-BF4B-00C04F79EFBC}") = "PalTracker", "src\PalTracker\PalTracker.csproj", "{988AD83E-6720-4BBB-B141-68EFDFD1ABF9}"
EndProject
Project("{2150E333-8FDC-42A3-9474-1A3956D46DE8}") = "test", "test", "{2324D9F4-2AC3-44D6-82F2-4E3923E11D49}"
EndProject
Project("{FAE04EC0-301F-11D3-BF4B-00C04F79EFBC}") = "PalTrackerTests", "test\PalTrackerTests\PalTrackerTests.csproj", "{6D323A98-AA54-496C-8E48-22BF131756B5}"
EndProject
Global
	GlobalSection(SolutionConfigurationPlatforms) = preSolution
		Debug|Any CPU = Debug|Any CPU
		Debug|x64 = Debug|x64
		Debug|x86 = Debug|x86
		Release|Any CPU = Release|Any CPU
		Release|x64 = Release|x64
		Release|x86 = Release|x86
	EndGlobalSection
	GlobalSection(SolutionProperties) = preSolution
		HideSolutionNode = FALSE
	EndGlobalSection
	GlobalSection(ProjectConfigurationPlatforms) = postSolution
		{988AD83E-6720-4BBB-B141-68EFDFD1ABF9}.Debug|Any CPU.ActiveCfg = Debug|Any CPU
		{988AD83E-6720-4BBB-B141-68EFDFD1ABF9}.Debug|Any CPU.Build.0 = Debug|Any CPU
		{988AD83E-6720-4BBB-B141-68EFDFD1ABF9}.Debug|x64.ActiveCfg = Debug|Any CPU
		{988AD83E-6720-4BBB-B141-68EFDFD1ABF9}.Debug|x64.Build.0 = Debug|Any CPU
		{988AD83E-6720-4BBB-B141-68EFDFD1ABF9}.Debug|x86.ActiveCfg = Debug|Any CPU
		{988AD83E-6720-4BBB-B141-68EFDFD1ABF9}.Debug|x86.Build.0 = Debug|Any CPU
		{988AD83E-6720-4BBB-B141-68EFDFD1ABF9}.Release|Any CPU.ActiveCfg = Release|Any CPU
		{988AD83E-6720-4BBB-B141-68EFDFD1ABF9}.Release|Any CPU.Build.0 = Release|Any CPU
		{988AD83E-6720-4BBB-B141-68EFDFD1ABF9}.Release|x64.ActiveCfg = Release|Any CPU
		{988AD83E-6720-4BBB-B141-68EFDFD1ABF9}.Release|x64.Build.0 = Release|Any CPU
		{988AD83E-6720-4BBB-B141-68EFDFD1ABF9}.Release|x86.ActiveCfg = Release|Any CPU
		{988AD83E-6720-4BBB-B141-68EFDFD1ABF9}.Release|x86.Build.0 = Release|Any CPU
		{6D323A98-AA54-496C-8E48-22BF131756B5}.Debug|Any CPU.ActiveCfg = Debug|Any CPU
		{6D323A98-AA54-496C-8E48-22BF131756B5}.Debug|Any CPU.Build.0 = Debug|Any CPU
		{6D323A98-AA54-496C-8E48-22BF131756B5}.Debug|x64.ActiveCfg = Debug|Any CPU
		{6D323A98-AA54-496C-8E48-22BF131756B5}.Debug|x64.Build.0 = Debug|Any CPU
		{6D323A98-AA54-496C-8E48-22BF131756B5}.Debug|x86.ActiveCfg = Debug|Any CPU
		{6D323A98-AA54-496C-8E48-22BF131756B5}.Debug|x86.Build.0 = Debug|Any CPU
		{6D323A98-AA54-496C-8E48-22BF131756B5}.Release|Any CPU.ActiveCfg = Release|Any CPU
		{6D323A98-AA54-496C-8E48-22BF131756B5}.Release|Any CPU.Build.0 = Release|Any CPU
		{6D323A98-AA54-496C-8E48-22BF131756B5}.Release|x64.ActiveCfg = Release|Any CPU
		{6D323A98-AA54-496C-8E48-22BF131756B5}.Release|x64.Build.0 = Release|Any CPU
		{6D323A98-AA54-496C-8E48-22BF131756B5}.Release|x86.ActiveCfg = Release|Any CPU
		{6D323A98-AA54-496C-8E48-22BF131756B5}.Release|x86.Build.0 = Release|Any CPU
	EndGlobalSection
	GlobalSection(NestedProjects) = preSolution
		{988AD83E-6720-4BBB-B141-68EFDFD1ABF9} = {30E30A1B-9DBA-42EB-BC37-87ACD533E60B}
		{6D323A98-AA54-496C-8E48-22BF131756B5} = {2324D9F4-2AC3-44D6-82F2-4E3923E11D49}
	EndGlobalSection
EndGlobal
